{
  "name": "s09p22a102",
  "version": "1.0.0",
  "lockfileVersion": 3,
  "requires": true,
  "packages": {
    "": {
      "name": "s09p22a102",
      "version": "1.0.0",
      "license": "ISC",
      "dependencies": {
        "wijmo": "^5.20231.904"
      }
    },
    "node_modules/wijmo": {
      "version": "5.20231.904",
      "resolved": "https://registry.npmjs.org/wijmo/-/wijmo-5.20231.904.tgz",
      "integrity": "sha512-DZM09pG29VB83TAbJ1KPdjWo6hpDc9+fEpXIscebG1+jm2J/UF2tXrXajm7ANbYIB32MRkK61X5MonKrfKyCig=="
    }
  }
}
